
Microsoft Visual Studio Solution File, Format Version 12.00
# Visual Studio Version 16
VisualStudioVersion = 16.0.30011.22
MinimumVisualStudioVersion = 10.0.40219.1
Project("{FAE04EC0-301F-11D3-BF4B-00C04F79EFBC}") = "FtpTransfer", "FtpTransfer\FtpTransfer.csproj", "{47BFB5F8-3532-445E-8327-436A7B70B3FD}"
EndProject
Global
	GlobalSection(SolutionConfigurationPlatforms) = preSolution
		Debug|Any CPU = Debug|Any CPU
		Release|Any CPU = Release|Any CPU
	EndGlobalSection
	GlobalSection(ProjectConfigurationPlatforms) = postSolution
		{47BFB5F8-3532-445E-8327-436A7B70B3FD}.Debug|Any CPU.ActiveCfg = Debug|Any CPU
		{47BFB5F8-3532-445E-8327-436A7B70B3FD}.Debug|Any CPU.Build.0 = Debug|Any CPU
		{47BFB5F8-3532-445E-8327-436A7B70B3FD}.Release|Any CPU.ActiveCfg = Release|Any CPU
		{47BFB5F8-3532-445E-8327-436A7B70B3FD}.Release|Any CPU.Build.0 = Release|Any CPU
	EndGlobalSection
	GlobalSection(SolutionProperties) = preSolution
		HideSolutionNode = FALSE
	EndGlobalSection
	GlobalSection(ExtensibilityGlobals) = postSolution
		SolutionGuid = {4514E9EF-1A51-48A2-AC02-312DB06A6176}
	EndGlobalSection
EndGlobal
